// !$*UTF8*$!
{
	archiveVersion = 1;
	classes = {
	};
	objectVersion = 46;
	objects = {

/* Begin PBXBuildFile section */
		68CD3CF219BED58900ACD705 /* Foundation.framework in Frameworks */ = {isa = PBXBuildFile; fileRef = 68CD3CF119BED58900ACD705 /* Foundation.framework */; };
		68CD3CF419BED58900ACD705 /* CoreGraphics.framework in Frameworks */ = {isa = PBXBuildFile; fileRef = 68CD3CF319BED58900ACD705 /* CoreGraphics.framework */; };
		68CD3CF619BED58900ACD705 /* UIKit.framework in Frameworks */ = {isa = PBXBuildFile; fileRef = 68CD3CF519BED58900ACD705 /* UIKit.framework */; };
		68CD3CFC19BED58900ACD705 /* InfoPlist.strings in Resources */ = {isa = PBXBuildFile; fileRef = 68CD3CFA19BED58900ACD705 /* InfoPlist.strings */; };
		68CD3CFE19BED58900ACD705 /* main.m in Sources */ = {isa = PBXBuildFile; fileRef = 68CD3CFD19BED58900ACD705 /* main.m */; };
		68CD3D0219BED58900ACD705 /* nusAppDelegate.m in Sources */ = {isa = PBXBuildFile; fileRef = 68CD3D0119BED58900ACD705 /* nusAppDelegate.m */; };
		68CD3D0519BED58900ACD705 /* Main.storyboard in Resources */ = {isa = PBXBuildFile; fileRef = 68CD3D0319BED58900ACD705 /* Main.storyboard */; };
		68CD3D0819BED58900ACD705 /* nusViewController.m in Sources */ = {isa = PBXBuildFile; fileRef = 68CD3D0719BED58900ACD705 /* nusViewController.m */; };
		68CD3D0A19BED58900ACD705 /* Images.xcassets in Resources */ = {isa = PBXBuildFile; fileRef = 68CD3D0919BED58900ACD705 /* Images.xcassets */; };
		68CD3D1119BED58900ACD705 /* XCTest.framework in Frameworks */ = {isa = PBXBuildFile; fileRef = 68CD3D1019BED58900ACD705 /* XCTest.framework */; };
		68CD3D1219BED58900ACD705 /* Foundation.framework in Frameworks */ = {isa = PBXBuildFile; fileRef = 68CD3CF119BED58900ACD705 /* Foundation.framework */; };
		68CD3D1319BED58900ACD705 /* UIKit.framework in Frameworks */ = {isa = PBXBuildFile; fileRef = 68CD3CF519BED58900ACD705 /* UIKit.framework */; };
		68CD3D1B19BED58900ACD705 /* InfoPlist.strings in Resources */ = {isa = PBXBuildFile; fileRef = 68CD3D1919BED58900ACD705 /* InfoPlist.strings */; };
		68CD3D1D19BED58900ACD705 /* TextViewSampleTests.m in Sources */ = {isa = PBXBuildFile; fileRef = 68CD3D1C19BED58900ACD705 /* TextViewSampleTests.m */; };
		68CD3D2B19BEEAB500ACD705 /* nusData.m in Sources */ = {isa = PBXBuildFile; fileRef = 68CD3D2A19BEEAB500ACD705 /* nusData.m */; };
/* End PBXBuildFile section */

/* Begin PBXContainerItemProxy section */
		68CD3D1419BED58900ACD705 /* PBXContainerItemProxy */ = {
			isa = PBXContainerItemProxy;
			containerPortal = 68CD3CE619BED58900ACD705 /* Project object */;
			proxyType = 1;
			remoteGlobalIDString = 68CD3CED19BED58900ACD705;
			remoteInfo = TextViewSample;
		};
/* End PBXContainerItemProxy section */

/* Begin PBXFileReference section */
		68CD3CEE19BED58900ACD705 /* TextViewSample.app */ = {isa = PBXFileReference; explicitFileType = wrapper.application; includeInIndex = 0; path = TextViewSample.app; sourceTree = BUILT_PRODUCTS_DIR; };
		68CD3CF119BED58900ACD705 /* Foundation.framework */ = {isa = PBXFileReference; lastKnownFileType = wrapper.framework; name = Foundation.framework; path = System/Library/Frameworks/Foundation.framework; sourceTree = SDKROOT; };
		68CD3CF319BED58900ACD705 /* CoreGraphics.framework */ = {isa = PBXFileReference; lastKnownFileType = wrapper.framework; name = CoreGraphics.framework; path = System/Library/Frameworks/CoreGraphics.framework; sourceTree = SDKROOT; };
		68CD3CF519BED58900ACD705 /* UIKit.framework */ = {isa = PBXFileReference; lastKnownFileType = wrapper.framework; name = UIKit.framework; path = System/Library/Frameworks/UIKit.framework; sourceTree = SDKROOT; };
		68CD3CF919BED58900ACD705 /* TextViewSample-Info.plist */ = {isa = PBXFileReference; lastKnownFileType = text.plist.xml; path = "TextViewSample-Info.plist"; sourceTree = "<group>"; };
		68CD3CFB19BED58900ACD705 /* en */ = {isa = PBXFileReference; lastKnownFileType = text.plist.strings; name = en; path = en.lproj/InfoPlist.strings; sourceTree = "<group>"; };
		68CD3CFD19BED58900ACD705 /* main.m */ = {isa = PBXFileReference; lastKnownFileType = sourcecode.c.objc; path = main.m; sourceTree = "<group>"; };
		68CD3CFF19BED58900ACD705 /* TextViewSample-Prefix.pch */ = {isa = PBXFileReference; lastKnownFileType = sourcecode.c.h; path = "TextViewSample-Prefix.pch"; sourceTree = "<group>"; };
		68CD3D0019BED58900ACD705 /* nusAppDelegate.h */ = {isa = PBXFileReference; lastKnownFileType = sourcecode.c.h; path = nusAppDelegate.h; sourceTree = "<group>"; };
		68CD3D0119BED58900ACD705 /* nusAppDelegate.m */ = {isa = PBXFileReference; lastKnownFileType = sourcecode.c.objc; path = nusAppDelegate.m; sourceTree = "<group>"; };
		68CD3D0419BED58900ACD705 /* Base */ = {isa = PBXFileReference; lastKnownFileType = file.storyboard; name = Base; path = Base.lproj/Main.storyboard; sourceTree = "<group>"; };
		68CD3D0619BED58900ACD705 /* nusViewController.h */ = {isa = PBXFileReference; lastKnownFileType = sourcecode.c.h; path = nusViewController.h; sourceTree = "<group>"; };
		68CD3D0719BED58900ACD705 /* nusViewController.m */ = {isa = PBXFileReference; lastKnownFileType = sourcecode.c.objc; path = nusViewController.m; sourceTree = "<group>"; };
		68CD3D0919BED58900ACD705 /* Images.xcassets */ = {isa = PBXFileReference; lastKnownFileType = folder.assetcatalog; path = Images.xcassets; sourceTree = "<group>"; };
		68CD3D0F19BED58900ACD705 /* TextViewSampleTests.xctest */ = {isa = PBXFileReference; explicitFileType = wrapper.cfbundle; includeInIndex = 0; path = TextViewSampleTests.xctest; sourceTree = BUILT_PRODUCTS_DIR; };
		68CD3D1019BED58900ACD705 /* XCTest.framework */ = {isa = PBXFileReference; lastKnownFileType = wrapper.framework; name = XCTest.framework; path = Library/Frameworks/XCTest.framework; sourceTree = DEVELOPER_DIR; };
		68CD3D1819BED58900ACD705 /* TextViewSampleTests-Info.plist */ = {isa = PBXFileReference; lastKnownFileType = text.plist.xml; path = "TextViewSampleTests-Info.plist"; sourceTree = "<group>"; };
		68CD3D1A19BED58900ACD705 /* en */ = {isa = PBXFileReference; lastKnownFileType = text.plist.strings; name = en; path = en.lproj/InfoPlist.strings; sourceTree = "<group>"; };
		68CD3D1C19BED58900ACD705 /* TextViewSampleTests.m */ = {isa = PBXFileReference; lastKnownFileType = sourcecode.c.objc; path = TextViewSampleTests.m; sourceTree = "<group>"; };
		68CD3D2919BEEAB500ACD705 /* nusData.h */ = {isa = PBXFileReference; fileEncoding = 4; lastKnownFileType = sourcecode.c.h; path = nusData.h; sourceTree = "<group>"; };
		68CD3D2A19BEEAB500ACD705 /* nusData.m */ = {isa = PBXFileReference; fileEncoding = 4; lastKnownFileType = sourcecode.c.objc; path = nusData.m; sourceTree = "<group>"; };
/* End PBXFileReference section */

/* Begin PBXFrameworksBuildPhase section */
		68CD3CEB19BED58900ACD705 /* Frameworks */ = {
			isa = PBXFrameworksBuildPhase;
			buildActionMask = 2147483647;
			files = (
				68CD3CF419BED58900ACD705 /* CoreGraphics.framework in Frameworks */,
				68CD3CF619BED58900ACD705 /* UIKit.framework in Frameworks */,
				68CD3CF219BED58900ACD705 /* Foundation.framework in Frameworks */,
			);
			runOnlyForDeploymentPostprocessing = 0;
		};
		68CD3D0C19BED58900ACD705 /* Frameworks */ = {
			isa = PBXFrameworksBuildPhase;
			buildActionMask = 2147483647;
			files = (
				68CD3D1119BED58900ACD705 /* XCTest.framework in Frameworks */,
				68CD3D1319BED58900ACD705 /* UIKit.framework in Frameworks */,
				68CD3D1219BED58900ACD705 /* Foundation.framework in Frameworks */,
			);
			runOnlyForDeploymentPostprocessing = 0;
		};
/* End PBXFrameworksBuildPhase section */

/* Begin PBXGroup section */
		68CD3CE519BED58900ACD705 = {
			isa = PBXGroup;
			children = (
				68CD3CF719BED58900ACD705 /* TextViewSample */,
				68CD3D1619BED58900ACD705 /* TextViewSampleTests */,
				68CD3CF019BED58900ACD705 /* Frameworks */,
				68CD3CEF19BED58900ACD705 /* Products */,
			);
			sourceTree = "<group>";
		};
		68CD3CEF19BED58900ACD705 /* Products */ = {
			isa = PBXGroup;
			children = (
				68CD3CEE19BED58900ACD705 /* TextViewSample.app */,
				68CD3D0F19BED58900ACD705 /* TextViewSampleTests.xctest */,
			);
			name = Products;
			sourceTree = "<group>";
		};
		68CD3CF019BED58900ACD705 /* Frameworks */ = {
			isa = PBXGroup;
			children = (
				68CD3CF119BED58900ACD705 /* Foundation.framework */,
				68CD3CF319BED58900ACD705 /* CoreGraphics.framework */,
				68CD3CF519BED58900ACD705 /* UIKit.framework */,
				68CD3D1019BED58900ACD705 /* XCTest.framework */,
			);
			name = Frameworks;
			sourceTree = "<group>";
		};
		68CD3CF719BED58900ACD705 /* TextViewSample */ = {
			isa = PBXGroup;
			children = (
				68CD3D0019BED58900ACD705 /* nusAppDelegate.h */,
				68CD3D0119BED58900ACD705 /* nusAppDelegate.m */,
				68CD3D0319BED58900ACD705 /* Main.storyboard */,
				68CD3D0619BED58900ACD705 /* nusViewController.h */,
				68CD3D0719BED58900ACD705 /* nusViewController.m */,
				68CD3D0919BED58900ACD705 /* Images.xcassets */,
				68CD3CF819BED58900ACD705 /* Supporting Files */,
				68CD3D2C19BEEABF00ACD705 /* Data */,
			);
			path = TextViewSample;
			sourceTree = "<group>";
		};
		68CD3CF819BED58900ACD705 /* Supporting Files */ = {
			isa = PBXGroup;
			children = (
				68CD3CF919BED58900ACD705 /* TextViewSample-Info.plist */,
				68CD3CFA19BED58900ACD705 /* InfoPlist.strings */,
				68CD3CFD19BED58900ACD705 /* main.m */,
				68CD3CFF19BED58900ACD705 /* TextViewSample-Prefix.pch */,
			);
			name = "Supporting Files";
			sourceTree = "<group>";
		};
		68CD3D1619BED58900ACD705 /* TextViewSampleTests */ = {
			isa = PBXGroup;
			children = (
				68CD3D1C19BED58900ACD705 /* TextViewSampleTests.m */,
				68CD3D1719BED58900ACD705 /* Supporting Files */,
			);
			path = TextViewSampleTests;
			sourceTree = "<group>";
		};
		68CD3D1719BED58900ACD705 /* Supporting Files */ = {
			isa = PBXGroup;
			children = (
				68CD3D1819BED58900ACD705 /* TextViewSampleTests-Info.plist */,
				68CD3D1919BED58900ACD705 /* InfoPlist.strings */,
			);
			name = "Supporting Files";
			sourceTree = "<group>";
		};
		68CD3D2C19BEEABF00ACD705 /* Data */ = {
			isa = PBXGroup;
			children = (
				68CD3D2919BEEAB500ACD705 /* nusData.h */,
				68CD3D2A19BEEAB500ACD705 /* nusData.m */,
			);
			name = Data;
			sourceTree = "<group>";
		};
/* End PBXGroup section */

/* Begin PBXNativeTarget section */
		68CD3CED19BED58900ACD705 /* TextViewSample */ = {
			isa = PBXNativeTarget;
			buildConfigurationList = 68CD3D2019BED58900ACD705 /* Build configuration list for PBXNativeTarget "TextViewSample" */;
			buildPhases = (
				68CD3CEA19BED58900ACD705 /* Sources */,
				68CD3CEB19BED58900ACD705 /* Frameworks */,
				68CD3CEC19BED58900ACD705 /* Resources */,
			);
			buildRules = (
			);
			dependencies = (
			);
			name = TextViewSample;
			productName = TextViewSample;
			productReference = 68CD3CEE19BED58900ACD705 /* TextViewSample.app */;
			productType = "com.apple.product-type.application";
		};
		68CD3D0E19BED58900ACD705 /* TextViewSampleTests */ = {
			isa = PBXNativeTarget;
			buildConfigurationList = 68CD3D2319BED58900ACD705 /* Build configuration list for PBXNativeTarget "TextViewSampleTests" */;
			buildPhases = (
				68CD3D0B19BED58900ACD705 /* Sources */,
				68CD3D0C19BED58900ACD705 /* Frameworks */,
				68CD3D0D19BED58900ACD705 /* Resources */,
			);
			buildRules = (
			);
			dependencies = (
				68CD3D1519BED58900ACD705 /* PBXTargetDependency */,
			);
			name = TextViewSampleTests;
			productName = TextViewSampleTests;
			productReference = 68CD3D0F19BED58900ACD705 /* TextViewSampleTests.xctest */;
			productType = "com.apple.product-type.bundle.unit-test";
		};
/* End PBXNativeTarget section */

/* Begin PBXProject section */
		68CD3CE619BED58900ACD705 /* Project object */ = {
			isa = PBXProject;
			attributes = {
				CLASSPREFIX = nus;
				LastUpgradeCheck = 0510;
				ORGANIZATIONNAME = nus;
				TargetAttributes = {
					68CD3D0E19BED58900ACD705 = {
						TestTargetID = 68CD3CED19BED58900ACD705;
					};
				};
			};
			buildConfigurationList = 68CD3CE919BED58900ACD705 /* Build configuration list for PBXProject "TextViewSample" */;
			compatibilityVersion = "Xcode 3.2";
			developmentRegion = English;
			hasScannedForEncodings = 0;
			knownRegions = (
				en,
				Base,
			);
			mainGroup = 68CD3CE519BED58900ACD705;
			productRefGroup = 68CD3CEF19BED58900ACD705 /* Products */;
			projectDirPath = "";
			projectRoot = "";
			targets = (
				68CD3CED19BED58900ACD705 /* TextViewSample */,
				68CD3D0E19BED58900ACD705 /* TextViewSampleTests */,
			);
		};
/* End PBXProject section */

/* Begin PBXResourcesBuildPhase section */
		68CD3CEC19BED58900ACD705 /* Resources */ = {
			isa = PBXResourcesBuildPhase;
			buildActionMask = 2147483647;
			files = (
				68CD3D0A19BED58900ACD705 /* Images.xcassets in Resources */,
				68CD3CFC19BED58900ACD705 /* InfoPlist.strings in Resources */,
				68CD3D0519BED58900ACD705 /* Main.storyboard in Resources */,
			);
			runOnlyForDeploymentPostprocessing = 0;
		};
		68CD3D0D19BED58900ACD705 /* Resources */ = {
			isa = PBXResourcesBuildPhase;
			buildActionMask = 2147483647;
			files = (
				68CD3D1B19BED58900ACD705 /* InfoPlist.strings in Resources */,
			);
			runOnlyForDeploymentPostprocessing = 0;
		};
/* End PBXResourcesBuildPhase section */

/* Begin PBXSourcesBuildPhase section */
		68CD3CEA19BED58900ACD705 /* Sources */ = {
			isa = PBXSourcesBuildPhase;
			buildActionMask = 2147483647;
			files = (
				68CD3D2B19BEEAB500ACD705 /* nusData.m in Sources */,
				68CD3CFE19BED58900ACD705 /* main.m in Sources */,
				68CD3D0819BED58900ACD705 /* nusViewController.m in Sources */,
				68CD3D0219BED58900ACD705 /* nusAppDelegate.m in Sources */,
			);
			runOnlyForDeploymentPostprocessing = 0;
		};
		68CD3D0B19BED58900ACD705 /* Sources */ = {
			isa = PBXSourcesBuildPhase;
			buildActionMask = 2147483647;
			files = (
				68CD3D1D19BED58900ACD705 /* TextViewSampleTests.m in Sources */,
			);
			runOnlyForDeploymentPostprocessing = 0;
		};
/* End PBXSourcesBuildPhase section */

/* Begin PBXTargetDependency section */
		68CD3D1519BED58900ACD705 /* PBXTargetDependency */ = {
			isa = PBXTargetDependency;
			target = 68CD3CED19BED58900ACD705 /* TextViewSample */;
			targetProxy = 68CD3D1419BED58900ACD705 /* PBXContainerItemProxy */;
		};
/* End PBXTargetDependency section */

/* Begin PBXVariantGroup section */
		68CD3CFA19BED58900ACD705 /* InfoPlist.strings */ = {
			isa = PBXVariantGroup;
			children = (
				68CD3CFB19BED58900ACD705 /* en */,
			);
			name = InfoPlist.strings;
			sourceTree = "<group>";
		};
		68CD3D0319BED58900ACD705 /* Main.storyboard */ = {
			isa = PBXVariantGroup;
			children = (
				68CD3D0419BED58900ACD705 /* Base */,
			);
			name = Main.storyboard;
			sourceTree = "<group>";
		};
		68CD3D1919BED58900ACD705 /* InfoPlist.strings */ = {
			isa = PBXVariantGroup;
			children = (
				68CD3D1A19BED58900ACD705 /* en */,
			);
			name = InfoPlist.strings;
			sourceTree = "<group>";
		};
/* End PBXVariantGroup section */

/* Begin XCBuildConfiguration section */
		68CD3D1E19BED58900ACD705 /* Debug */ = {
			isa = XCBuildConfiguration;
			buildSettings = {
				ALWAYS_SEARCH_USER_PATHS = NO;
				CLANG_CXX_LANGUAGE_STANDARD = "gnu++0x";
				CLANG_CXX_LIBRARY = "libc++";
				CLANG_ENABLE_MODULES = YES;
				CLANG_ENABLE_OBJC_ARC = YES;
				CLANG_WARN_BOOL_CONVERSION = YES;
				CLANG_WARN_CONSTANT_CONVERSION = YES;
				CLANG_WARN_DIRECT_OBJC_ISA_USAGE = YES_ERROR;
				CLANG_WARN_EMPTY_BODY = YES;
				CLANG_WARN_ENUM_CONVERSION = YES;
				CLANG_WARN_INT_CONVERSION = YES;
				CLANG_WARN_OBJC_ROOT_CLASS = YES_ERROR;
				CLANG_WARN__DUPLICATE_METHOD_MATCH = YES;
				"CODE_SIGN_IDENTITY[sdk=iphoneos*]" = "iPhone Developer";
				COPY_PHASE_STRIP = NO;
				GCC_C_LANGUAGE_STANDARD = gnu99;
				GCC_DYNAMIC_NO_PIC = NO;
				GCC_OPTIMIZATION_LEVEL = 0;
				GCC_PREPROCESSOR_DEFINITIONS = (
					"DEBUG=1",
					"$(inherited)",
				);
				GCC_SYMBOLS_PRIVATE_EXTERN = NO;
				GCC_WARN_64_TO_32_BIT_CONVERSION = YES;
				GCC_WARN_ABOUT_RETURN_TYPE = YES_ERROR;
				GCC_WARN_UNDECLARED_SELECTOR = YES;
				GCC_WARN_UNINITIALIZED_AUTOS = YES_AGGRESSIVE;
				GCC_WARN_UNUSED_FUNCTION = YES;
				GCC_WARN_UNUSED_VARIABLE = YES;
				IPHONEOS_DEPLOYMENT_TARGET = 7.1;
				ONLY_ACTIVE_ARCH = YES;
				SDKROOT = iphoneos;
			};
			name = Debug;
		};
		68CD3D1F19BED58900ACD705 /* Release */ = {
			isa = XCBuildConfiguration;
			buildSettings = {
				ALWAYS_SEARCH_USER_PATHS = NO;
				CLANG_CXX_LANGUAGE_STANDARD = "gnu++0x";
				CLANG_CXX_LIBRARY = "libc++";
				CLANG_ENABLE_MODULES = YES;
				CLANG_ENABLE_OBJC_ARC = YES;
				CLANG_WARN_BOOL_CONVERSION = YES;
				CLANG_WARN_CONSTANT_CONVERSION = YES;
				CLANG_WARN_DIRECT_OBJC_ISA_USAGE = YES_ERROR;
				CLANG_WARN_EMPTY_BODY = YES;
				CLANG_WARN_ENUM_CONVERSION = YES;
				CLANG_WARN_INT_CONVERSION = YES;
				CLANG_WARN_OBJC_ROOT_CLASS = YES_ERROR;
				CLANG_WARN__DUPLICATE_METHOD_MATCH = YES;
				"CODE_SIGN_IDENTITY[sdk=iphoneos*]" = "iPhone Developer";
				COPY_PHASE_STRIP = YES;
				ENABLE_NS_ASSERTIONS = NO;
				GCC_C_LANGUAGE_STANDARD = gnu99;
				GCC_WARN_64_TO_32_BIT_CONVERSION = YES;
				GCC_WARN_ABOUT_RETURN_TYPE = YES_ERROR;
				GCC_WARN_UNDECLARED_SELECTOR = YES;
				GCC_WARN_UNINITIALIZED_AUTOS = YES_AGGRESSIVE;
				GCC_WARN_UNUSED_FUNCTION = YES;
				GCC_WARN_UNUSED_VARIABLE = YES;
				IPHONEOS_DEPLOYMENT_TARGET = 7.1;
				SDKROOT = iphoneos;
				VALIDATE_PRODUCT = YES;
			};
			name = Release;
		};
		68CD3D2119BED58900ACD705 /* Debug */ = {
			isa = XCBuildConfiguration;
			buildSettings = {
				ASSETCATALOG_COMPILER_APPICON_NAME = AppIcon;
				ASSETCATALOG_COMPILER_LAUNCHIMAGE_NAME = LaunchImage;
				GCC_PRECOMPILE_PREFIX_HEADER = YES;
				GCC_PREFIX_HEADER = "TextViewSample/TextViewSample-Prefix.pch";
				INFOPLIST_FILE = "TextViewSample/TextViewSample-Info.plist";
				PRODUCT_NAME = "$(TARGET_NAME)";
				WRAPPER_EXTENSION = app;
			};
			name = Debug;
		};
		68CD3D2219BED58900ACD705 /* Release */ = {
			isa = XCBuildConfiguration;
			buildSettings = {
				ASSETCATALOG_COMPILER_APPICON_NAME = AppIcon;
				ASSETCATALOG_COMPILER_LAUNCHIMAGE_NAME = LaunchImage;
				GCC_PRECOMPILE_PREFIX_HEADER = YES;
				GCC_PREFIX_HEADER = "TextViewSample/TextViewSample-Prefix.pch";
				INFOPLIST_FILE = "TextViewSample/TextViewSample-Info.plist";
				PRODUCT_NAME = "$(TARGET_NAME)";
				WRAPPER_EXTENSION = app;
			};
			name = Release;
		};
		68CD3D2419BED58900ACD705 /* Debug */ = {
			isa = XCBuildConfiguration;
			buildSettings = {
				BUNDLE_LOADER = "$(BUILT_PRODUCTS_DIR)/TextViewSample.app/TextViewSample";
				FRAMEWORK_SEARCH_PATHS = (
					"$(SDKROOT)/Developer/Library/Frameworks",
					"$(inherited)",
					"$(DEVELOPER_FRAMEWORKS_DIR)",
				);
				GCC_PRECOMPILE_PREFIX_HEADER = YES;
				GCC_PREFIX_HEADER = "TextViewSample/TextViewSample-Prefix.pch";
				GCC_PREPROCESSOR_DEFINITIONS = (
					"DEBUG=1",
					"$(inherited)",
				);
				INFOPLIST_FILE = "TextViewSampleTests/TextViewSampleTests-Info.plist";
				PRODUCT_NAME = "$(TARGET_NAME)";
				TEST_HOST = "$(BUNDLE_LOADER)";
				WRAPPER_EXTENSION = xctest;
			};
			name = Debug;
		};
		68CD3D2519BED58900ACD705 /* Release */ = {
			isa = XCBuildConfiguration;
			buildSettings = {
				BUNDLE_LOADER = "$(BUILT_PRODUCTS_DIR)/TextViewSample.app/TextViewSample";
				FRAMEWORK_SEARCH_PATHS = (
					"$(SDKROOT)/Developer/Library/Frameworks",
					"$(inherited)",
					"$(DEVELOPER_FRAMEWORKS_DIR)",
				);
				GCC_PRECOMPILE_PREFIX_HEADER = YES;
				GCC_PREFIX_HEADER = "TextViewSample/TextViewSample-Prefix.pch";
				INFOPLIST_FILE = "TextViewSampleTests/TextViewSampleTests-Info.plist";
				PRODUCT_NAME = "$(TARGET_NAME)";
				TEST_HOST = "$(BUNDLE_LOADER)";
				WRAPPER_EXTENSION = xctest;
			};
			name = Release;
		};
/* End XCBuildConfiguration section */

/* Begin XCConfigurationList section */
		68CD3CE919BED58900ACD705 /* Build configuration list for PBXProject "TextViewSample" */ = {
			isa = XCConfigurationList;
			buildConfigurations = (
				68CD3D1E19BED58900ACD705 /* Debug */,
				68CD3D1F19BED58900ACD705 /* Release */,
			);
			defaultConfigurationIsVisible = 0;
			defaultConfigurationName = Release;
		};
		68CD3D2019BED58900ACD705 /* Build configuration list for PBXNativeTarget "TextViewSample" */ = {
			isa = XCConfigurationList;
			buildConfigurations = (
				68CD3D2119BED58900ACD705 /* Debug */,
				68CD3D2219BED58900ACD705 /* Release */,
			);
			defaultConfigurationIsVisible = 0;
		};
		68CD3D2319BED58900ACD705 /* Build configuration list for PBXNativeTarget "TextViewSampleTests" */ = {
			isa = XCConfigurationList;
			buildConfigurations = (
				68CD3D2419BED58900ACD705 /* Debug */,
				68CD3D2519BED58900ACD705 /* Release */,
			);
			defaultConfigurationIsVisible = 0;
		};
/* End XCConfigurationList section */
	};
	rootObject = 68CD3CE619BED58900ACD705 /* Project object */;
}
