// !$*UTF8*$!
{
	archiveVersion = 1;
	classes = {
	};
	objectVersion = 46;
	objects = {

/* Begin PBXBuildFile section */
		683ED1F21A4F0F420042BC95 /* AppDelegate.swift in Sources */ = {isa = PBXBuildFile; fileRef = 683ED1F11A4F0F420042BC95 /* AppDelegate.swift */; };
		683ED1F41A4F0F420042BC95 /* ViewController.swift in Sources */ = {isa = PBXBuildFile; fileRef = 683ED1F31A4F0F420042BC95 /* ViewController.swift */; };
		683ED1F71A4F0F420042BC95 /* Main.storyboard in Resources */ = {isa = PBXBuildFile; fileRef = 683ED1F51A4F0F420042BC95 /* Main.storyboard */; };
		683ED1F91A4F0F420042BC95 /* Images.xcassets in Resources */ = {isa = PBXBuildFile; fileRef = 683ED1F81A4F0F420042BC95 /* Images.xcassets */; };
		683ED1FC1A4F0F420042BC95 /* LaunchScreen.xib in Resources */ = {isa = PBXBuildFile; fileRef = 683ED1FA1A4F0F420042BC95 /* LaunchScreen.xib */; };
		683ED2081A4F0F430042BC95 /* Bala_hello_worldTests.swift in Sources */ = {isa = PBXBuildFile; fileRef = 683ED2071A4F0F430042BC95 /* Bala_hello_worldTests.swift */; };
/* End PBXBuildFile section */

/* Begin PBXContainerItemProxy section */
		683ED2021A4F0F430042BC95 /* PBXContainerItemProxy */ = {
			isa = PBXContainerItemProxy;
			containerPortal = 683ED1E41A4F0F420042BC95 /* Project object */;
			proxyType = 1;
			remoteGlobalIDString = 683ED1EB1A4F0F420042BC95;
			remoteInfo = "Bala hello world";
		};
/* End PBXContainerItemProxy section */

/* Begin PBXFileReference section */
		683ED1EC1A4F0F420042BC95 /* Bala hello world.app */ = {isa = PBXFileReference; explicitFileType = wrapper.application; includeInIndex = 0; path = "Bala hello world.app"; sourceTree = BUILT_PRODUCTS_DIR; };
		683ED1F01A4F0F420042BC95 /* Info.plist */ = {isa = PBXFileReference; lastKnownFileType = text.plist.xml; path = Info.plist; sourceTree = "<group>"; };
		683ED1F11A4F0F420042BC95 /* AppDelegate.swift */ = {isa = PBXFileReference; lastKnownFileType = sourcecode.swift; path = AppDelegate.swift; sourceTree = "<group>"; };
		683ED1F31A4F0F420042BC95 /* ViewController.swift */ = {isa = PBXFileReference; lastKnownFileType = sourcecode.swift; path = ViewController.swift; sourceTree = "<group>"; };
		683ED1F61A4F0F420042BC95 /* Base */ = {isa = PBXFileReference; lastKnownFileType = file.storyboard; name = Base; path = Base.lproj/Main.storyboard; sourceTree = "<group>"; };
		683ED1F81A4F0F420042BC95 /* Images.xcassets */ = {isa = PBXFileReference; lastKnownFileType = folder.assetcatalog; path = Images.xcassets; sourceTree = "<group>"; };
		683ED1FB1A4F0F420042BC95 /* Base */ = {isa = PBXFileReference; lastKnownFileType = file.xib; name = Base; path = Base.lproj/LaunchScreen.xib; sourceTree = "<group>"; };
		683ED2011A4F0F430042BC95 /* Bala hello worldTests.xctest */ = {isa = PBXFileReference; explicitFileType = wrapper.cfbundle; includeInIndex = 0; path = "Bala hello worldTests.xctest"; sourceTree = BUILT_PRODUCTS_DIR; };
		683ED2061A4F0F430042BC95 /* Info.plist */ = {isa = PBXFileReference; lastKnownFileType = text.plist.xml; path = Info.plist; sourceTree = "<group>"; };
		683ED2071A4F0F430042BC95 /* Bala_hello_worldTests.swift */ = {isa = PBXFileReference; lastKnownFileType = sourcecode.swift; path = Bala_hello_worldTests.swift; sourceTree = "<group>"; };
/* End PBXFileReference section */

/* Begin PBXFrameworksBuildPhase section */
		683ED1E91A4F0F420042BC95 /* Frameworks */ = {
			isa = PBXFrameworksBuildPhase;
			buildActionMask = 2147483647;
			files = (
			);
			runOnlyForDeploymentPostprocessing = 0;
		};
		683ED1FE1A4F0F430042BC95 /* Frameworks */ = {
			isa = PBXFrameworksBuildPhase;
			buildActionMask = 2147483647;
			files = (
			);
			runOnlyForDeploymentPostprocessing = 0;
		};
/* End PBXFrameworksBuildPhase section */

/* Begin PBXGroup section */
		683ED1E31A4F0F420042BC95 = {
			isa = PBXGroup;
			children = (
				683ED1EE1A4F0F420042BC95 /* Bala hello world */,
				683ED2041A4F0F430042BC95 /* Bala hello worldTests */,
				683ED1ED1A4F0F420042BC95 /* Products */,
			);
			sourceTree = "<group>";
		};
		683ED1ED1A4F0F420042BC95 /* Products */ = {
			isa = PBXGroup;
			children = (
				683ED1EC1A4F0F420042BC95 /* Bala hello world.app */,
				683ED2011A4F0F430042BC95 /* Bala hello worldTests.xctest */,
			);
			name = Products;
			sourceTree = "<group>";
		};
		683ED1EE1A4F0F420042BC95 /* Bala hello world */ = {
			isa = PBXGroup;
			children = (
				683ED1F11A4F0F420042BC95 /* AppDelegate.swift */,
				683ED1F31A4F0F420042BC95 /* ViewController.swift */,
				683ED1F51A4F0F420042BC95 /* Main.storyboard */,
				683ED1F81A4F0F420042BC95 /* Images.xcassets */,
				683ED1FA1A4F0F420042BC95 /* LaunchScreen.xib */,
				683ED1EF1A4F0F420042BC95 /* Supporting Files */,
			);
			path = "Bala hello world";
			sourceTree = "<group>";
		};
		683ED1EF1A4F0F420042BC95 /* Supporting Files */ = {
			isa = PBXGroup;
			children = (
				683ED1F01A4F0F420042BC95 /* Info.plist */,
			);
			name = "Supporting Files";
			sourceTree = "<group>";
		};
		683ED2041A4F0F430042BC95 /* Bala hello worldTests */ = {
			isa = PBXGroup;
			children = (
				683ED2071A4F0F430042BC95 /* Bala_hello_worldTests.swift */,
				683ED2051A4F0F430042BC95 /* Supporting Files */,
			);
			path = "Bala hello worldTests";
			sourceTree = "<group>";
		};
		683ED2051A4F0F430042BC95 /* Supporting Files */ = {
			isa = PBXGroup;
			children = (
				683ED2061A4F0F430042BC95 /* Info.plist */,
			);
			name = "Supporting Files";
			sourceTree = "<group>";
		};
/* End PBXGroup section */

/* Begin PBXNativeTarget section */
		683ED1EB1A4F0F420042BC95 /* Bala hello world */ = {
			isa = PBXNativeTarget;
			buildConfigurationList = 683ED20B1A4F0F430042BC95 /* Build configuration list for PBXNativeTarget "Bala hello world" */;
			buildPhases = (
				683ED1E81A4F0F420042BC95 /* Sources */,
				683ED1E91A4F0F420042BC95 /* Frameworks */,
				683ED1EA1A4F0F420042BC95 /* Resources */,
			);
			buildRules = (
			);
			dependencies = (
			);
			name = "Bala hello world";
			productName = "Bala hello world";
			productReference = 683ED1EC1A4F0F420042BC95 /* Bala hello world.app */;
			productType = "com.apple.product-type.application";
		};
		683ED2001A4F0F430042BC95 /* Bala hello worldTests */ = {
			isa = PBXNativeTarget;
			buildConfigurationList = 683ED20E1A4F0F430042BC95 /* Build configuration list for PBXNativeTarget "Bala hello worldTests" */;
			buildPhases = (
				683ED1FD1A4F0F430042BC95 /* Sources */,
				683ED1FE1A4F0F430042BC95 /* Frameworks */,
				683ED1FF1A4F0F430042BC95 /* Resources */,
			);
			buildRules = (
			);
			dependencies = (
				683ED2031A4F0F430042BC95 /* PBXTargetDependency */,
			);
			name = "Bala hello worldTests";
			productName = "Bala hello worldTests";
			productReference = 683ED2011A4F0F430042BC95 /* Bala hello worldTests.xctest */;
			productType = "com.apple.product-type.bundle.unit-test";
		};
/* End PBXNativeTarget section */

/* Begin PBXProject section */
		683ED1E41A4F0F420042BC95 /* Project object */ = {
			isa = PBXProject;
			attributes = {
				LastUpgradeCheck = 0610;
				ORGANIZATIONNAME = nus;
				TargetAttributes = {
					683ED1EB1A4F0F420042BC95 = {
						CreatedOnToolsVersion = 6.1.1;
					};
					683ED2001A4F0F430042BC95 = {
						CreatedOnToolsVersion = 6.1.1;
						TestTargetID = 683ED1EB1A4F0F420042BC95;
					};
				};
			};
			buildConfigurationList = 683ED1E71A4F0F420042BC95 /* Build configuration list for PBXProject "Bala hello world" */;
			compatibilityVersion = "Xcode 3.2";
			developmentRegion = English;
			hasScannedForEncodings = 0;
			knownRegions = (
				en,
				Base,
			);
			mainGroup = 683ED1E31A4F0F420042BC95;
			productRefGroup = 683ED1ED1A4F0F420042BC95 /* Products */;
			projectDirPath = "";
			projectRoot = "";
			targets = (
				683ED1EB1A4F0F420042BC95 /* Bala hello world */,
				683ED2001A4F0F430042BC95 /* Bala hello worldTests */,
			);
		};
/* End PBXProject section */

/* Begin PBXResourcesBuildPhase section */
		683ED1EA1A4F0F420042BC95 /* Resources */ = {
			isa = PBXResourcesBuildPhase;
			buildActionMask = 2147483647;
			files = (
				683ED1F71A4F0F420042BC95 /* Main.storyboard in Resources */,
				683ED1FC1A4F0F420042BC95 /* LaunchScreen.xib in Resources */,
				683ED1F91A4F0F420042BC95 /* Images.xcassets in Resources */,
			);
			runOnlyForDeploymentPostprocessing = 0;
		};
		683ED1FF1A4F0F430042BC95 /* Resources */ = {
			isa = PBXResourcesBuildPhase;
			buildActionMask = 2147483647;
			files = (
			);
			runOnlyForDeploymentPostprocessing = 0;
		};
/* End PBXResourcesBuildPhase section */

/* Begin PBXSourcesBuildPhase section */
		683ED1E81A4F0F420042BC95 /* Sources */ = {
			isa = PBXSourcesBuildPhase;
			buildActionMask = 2147483647;
			files = (
				683ED1F41A4F0F420042BC95 /* ViewController.swift in Sources */,
				683ED1F21A4F0F420042BC95 /* AppDelegate.swift in Sources */,
			);
			runOnlyForDeploymentPostprocessing = 0;
		};
		683ED1FD1A4F0F430042BC95 /* Sources */ = {
			isa = PBXSourcesBuildPhase;
			buildActionMask = 2147483647;
			files = (
				683ED2081A4F0F430042BC95 /* Bala_hello_worldTests.swift in Sources */,
			);
			runOnlyForDeploymentPostprocessing = 0;
		};
/* End PBXSourcesBuildPhase section */

/* Begin PBXTargetDependency section */
		683ED2031A4F0F430042BC95 /* PBXTargetDependency */ = {
			isa = PBXTargetDependency;
			target = 683ED1EB1A4F0F420042BC95 /* Bala hello world */;
			targetProxy = 683ED2021A4F0F430042BC95 /* PBXContainerItemProxy */;
		};
/* End PBXTargetDependency section */

/* Begin PBXVariantGroup section */
		683ED1F51A4F0F420042BC95 /* Main.storyboard */ = {
			isa = PBXVariantGroup;
			children = (
				683ED1F61A4F0F420042BC95 /* Base */,
			);
			name = Main.storyboard;
			sourceTree = "<group>";
		};
		683ED1FA1A4F0F420042BC95 /* LaunchScreen.xib */ = {
			isa = PBXVariantGroup;
			children = (
				683ED1FB1A4F0F420042BC95 /* Base */,
			);
			name = LaunchScreen.xib;
			sourceTree = "<group>";
		};
/* End PBXVariantGroup section */

/* Begin XCBuildConfiguration section */
		683ED2091A4F0F430042BC95 /* Debug */ = {
			isa = XCBuildConfiguration;
			buildSettings = {
				ALWAYS_SEARCH_USER_PATHS = NO;
				CLANG_CXX_LANGUAGE_STANDARD = "gnu++0x";
				CLANG_CXX_LIBRARY = "libc++";
				CLANG_ENABLE_MODULES = YES;
				CLANG_ENABLE_OBJC_ARC = YES;
				CLANG_WARN_BOOL_CONVERSION = YES;
				CLANG_WARN_CONSTANT_CONVERSION = YES;
				CLANG_WARN_DIRECT_OBJC_ISA_USAGE = YES_ERROR;
				CLANG_WARN_EMPTY_BODY = YES;
				CLANG_WARN_ENUM_CONVERSION = YES;
				CLANG_WARN_INT_CONVERSION = YES;
				CLANG_WARN_OBJC_ROOT_CLASS = YES_ERROR;
				CLANG_WARN_UNREACHABLE_CODE = YES;
				CLANG_WARN__DUPLICATE_METHOD_MATCH = YES;
				"CODE_SIGN_IDENTITY[sdk=iphoneos*]" = "iPhone Developer";
				COPY_PHASE_STRIP = NO;
				ENABLE_STRICT_OBJC_MSGSEND = YES;
				GCC_C_LANGUAGE_STANDARD = gnu99;
				GCC_DYNAMIC_NO_PIC = NO;
				GCC_OPTIMIZATION_LEVEL = 0;
				GCC_PREPROCESSOR_DEFINITIONS = (
					"DEBUG=1",
					"$(inherited)",
				);
				GCC_SYMBOLS_PRIVATE_EXTERN = NO;
				GCC_WARN_64_TO_32_BIT_CONVERSION = YES;
				GCC_WARN_ABOUT_RETURN_TYPE = YES_ERROR;
				GCC_WARN_UNDECLARED_SELECTOR = YES;
				GCC_WARN_UNINITIALIZED_AUTOS = YES_AGGRESSIVE;
				GCC_WARN_UNUSED_FUNCTION = YES;
				GCC_WARN_UNUSED_VARIABLE = YES;
				IPHONEOS_DEPLOYMENT_TARGET = 8.1;
				MTL_ENABLE_DEBUG_INFO = YES;
				ONLY_ACTIVE_ARCH = YES;
				SDKROOT = iphoneos;
				SWIFT_OPTIMIZATION_LEVEL = "-Onone";
			};
			name = Debug;
		};
		683ED20A1A4F0F430042BC95 /* Release */ = {
			isa = XCBuildConfiguration;
			buildSettings = {
				ALWAYS_SEARCH_USER_PATHS = NO;
				CLANG_CXX_LANGUAGE_STANDARD = "gnu++0x";
				CLANG_CXX_LIBRARY = "libc++";
				CLANG_ENABLE_MODULES = YES;
				CLANG_ENABLE_OBJC_ARC = YES;
				CLANG_WARN_BOOL_CONVERSION = YES;
				CLANG_WARN_CONSTANT_CONVERSION = YES;
				CLANG_WARN_DIRECT_OBJC_ISA_USAGE = YES_ERROR;
				CLANG_WARN_EMPTY_BODY = YES;
				CLANG_WARN_ENUM_CONVERSION = YES;
				CLANG_WARN_INT_CONVERSION = YES;
				CLANG_WARN_OBJC_ROOT_CLASS = YES_ERROR;
				CLANG_WARN_UNREACHABLE_CODE = YES;
				CLANG_WARN__DUPLICATE_METHOD_MATCH = YES;
				"CODE_SIGN_IDENTITY[sdk=iphoneos*]" = "iPhone Developer";
				COPY_PHASE_STRIP = YES;
				ENABLE_NS_ASSERTIONS = NO;
				ENABLE_STRICT_OBJC_MSGSEND = YES;
				GCC_C_LANGUAGE_STANDARD = gnu99;
				GCC_WARN_64_TO_32_BIT_CONVERSION = YES;
				GCC_WARN_ABOUT_RETURN_TYPE = YES_ERROR;
				GCC_WARN_UNDECLARED_SELECTOR = YES;
				GCC_WARN_UNINITIALIZED_AUTOS = YES_AGGRESSIVE;
				GCC_WARN_UNUSED_FUNCTION = YES;
				GCC_WARN_UNUSED_VARIABLE = YES;
				IPHONEOS_DEPLOYMENT_TARGET = 8.1;
				MTL_ENABLE_DEBUG_INFO = NO;
				SDKROOT = iphoneos;
				VALIDATE_PRODUCT = YES;
			};
			name = Release;
		};
		683ED20C1A4F0F430042BC95 /* Debug */ = {
			isa = XCBuildConfiguration;
			buildSettings = {
				ASSETCATALOG_COMPILER_APPICON_NAME = AppIcon;
				INFOPLIST_FILE = "Bala hello world/Info.plist";
				LD_RUNPATH_SEARCH_PATHS = "$(inherited) @executable_path/Frameworks";
				PRODUCT_NAME = "$(TARGET_NAME)";
			};
			name = Debug;
		};
		683ED20D1A4F0F430042BC95 /* Release */ = {
			isa = XCBuildConfiguration;
			buildSettings = {
				ASSETCATALOG_COMPILER_APPICON_NAME = AppIcon;
				INFOPLIST_FILE = "Bala hello world/Info.plist";
				LD_RUNPATH_SEARCH_PATHS = "$(inherited) @executable_path/Frameworks";
				PRODUCT_NAME = "$(TARGET_NAME)";
			};
			name = Release;
		};
		683ED20F1A4F0F430042BC95 /* Debug */ = {
			isa = XCBuildConfiguration;
			buildSettings = {
				BUNDLE_LOADER = "$(TEST_HOST)";
				FRAMEWORK_SEARCH_PATHS = (
					"$(SDKROOT)/Developer/Library/Frameworks",
					"$(inherited)",
				);
				GCC_PREPROCESSOR_DEFINITIONS = (
					"DEBUG=1",
					"$(inherited)",
				);
				INFOPLIST_FILE = "Bala hello worldTests/Info.plist";
				LD_RUNPATH_SEARCH_PATHS = "$(inherited) @executable_path/Frameworks @loader_path/Frameworks";
				PRODUCT_NAME = "$(TARGET_NAME)";
				TEST_HOST = "$(BUILT_PRODUCTS_DIR)/Bala hello world.app/Bala hello world";
			};
			name = Debug;
		};
		683ED2101A4F0F430042BC95 /* Release */ = {
			isa = XCBuildConfiguration;
			buildSettings = {
				BUNDLE_LOADER = "$(TEST_HOST)";
				FRAMEWORK_SEARCH_PATHS = (
					"$(SDKROOT)/Developer/Library/Frameworks",
					"$(inherited)",
				);
				INFOPLIST_FILE = "Bala hello worldTests/Info.plist";
				LD_RUNPATH_SEARCH_PATHS = "$(inherited) @executable_path/Frameworks @loader_path/Frameworks";
				PRODUCT_NAME = "$(TARGET_NAME)";
				TEST_HOST = "$(BUILT_PRODUCTS_DIR)/Bala hello world.app/Bala hello world";
			};
			name = Release;
		};
/* End XCBuildConfiguration section */

/* Begin XCConfigurationList section */
		683ED1E71A4F0F420042BC95 /* Build configuration list for PBXProject "Bala hello world" */ = {
			isa = XCConfigurationList;
			buildConfigurations = (
				683ED2091A4F0F430042BC95 /* Debug */,
				683ED20A1A4F0F430042BC95 /* Release */,
			);
			defaultConfigurationIsVisible = 0;
			defaultConfigurationName = Release;
		};
		683ED20B1A4F0F430042BC95 /* Build configuration list for PBXNativeTarget "Bala hello world" */ = {
			isa = XCConfigurationList;
			buildConfigurations = (
				683ED20C1A4F0F430042BC95 /* Debug */,
				683ED20D1A4F0F430042BC95 /* Release */,
			);
			defaultConfigurationIsVisible = 0;
			defaultConfigurationName = Release;
		};
		683ED20E1A4F0F430042BC95 /* Build configuration list for PBXNativeTarget "Bala hello worldTests" */ = {
			isa = XCConfigurationList;
			buildConfigurations = (
				683ED20F1A4F0F430042BC95 /* Debug */,
				683ED2101A4F0F430042BC95 /* Release */,
			);
			defaultConfigurationIsVisible = 0;
			defaultConfigurationName = Release;
		};
/* End XCConfigurationList section */
	};
	rootObject = 683ED1E41A4F0F420042BC95 /* Project object */;
}
