// !$*UTF8*$!
{
	archiveVersion = 1;
	classes = {
	};
	objectVersion = 46;
	objects = {

/* Begin PBXBuildFile section */
		68E8004A1A0233E200EB815A /* AppDelegate.swift in Sources */ = {isa = PBXBuildFile; fileRef = 68E800491A0233E200EB815A /* AppDelegate.swift */; };
		68E8004D1A0233E200EB815A /* Hello_World.xcdatamodeld in Sources */ = {isa = PBXBuildFile; fileRef = 68E8004B1A0233E200EB815A /* Hello_World.xcdatamodeld */; };
		68E8004F1A0233E200EB815A /* ViewController.swift in Sources */ = {isa = PBXBuildFile; fileRef = 68E8004E1A0233E200EB815A /* ViewController.swift */; };
		68E800521A0233E200EB815A /* Main.storyboard in Resources */ = {isa = PBXBuildFile; fileRef = 68E800501A0233E200EB815A /* Main.storyboard */; };
		68E800541A0233E200EB815A /* Images.xcassets in Resources */ = {isa = PBXBuildFile; fileRef = 68E800531A0233E200EB815A /* Images.xcassets */; };
		68E800571A0233E200EB815A /* LaunchScreen.xib in Resources */ = {isa = PBXBuildFile; fileRef = 68E800551A0233E200EB815A /* LaunchScreen.xib */; };
		68E800631A0233E300EB815A /* Hello_WorldTests.swift in Sources */ = {isa = PBXBuildFile; fileRef = 68E800621A0233E300EB815A /* Hello_WorldTests.swift */; };
/* End PBXBuildFile section */

/* Begin PBXContainerItemProxy section */
		68E8005D1A0233E300EB815A /* PBXContainerItemProxy */ = {
			isa = PBXContainerItemProxy;
			containerPortal = 68E8003C1A0233E200EB815A /* Project object */;
			proxyType = 1;
			remoteGlobalIDString = 68E800431A0233E200EB815A;
			remoteInfo = "Hello World";
		};
/* End PBXContainerItemProxy section */

/* Begin PBXFileReference section */
		68E800441A0233E200EB815A /* Hello World.app */ = {isa = PBXFileReference; explicitFileType = wrapper.application; includeInIndex = 0; path = "Hello World.app"; sourceTree = BUILT_PRODUCTS_DIR; };
		68E800481A0233E200EB815A /* Info.plist */ = {isa = PBXFileReference; lastKnownFileType = text.plist.xml; path = Info.plist; sourceTree = "<group>"; };
		68E800491A0233E200EB815A /* AppDelegate.swift */ = {isa = PBXFileReference; lastKnownFileType = sourcecode.swift; path = AppDelegate.swift; sourceTree = "<group>"; };
		68E8004C1A0233E200EB815A /* Hello_World.xcdatamodel */ = {isa = PBXFileReference; lastKnownFileType = wrapper.xcdatamodel; path = Hello_World.xcdatamodel; sourceTree = "<group>"; };
		68E8004E1A0233E200EB815A /* ViewController.swift */ = {isa = PBXFileReference; lastKnownFileType = sourcecode.swift; path = ViewController.swift; sourceTree = "<group>"; };
		68E800511A0233E200EB815A /* Base */ = {isa = PBXFileReference; lastKnownFileType = file.storyboard; name = Base; path = Base.lproj/Main.storyboard; sourceTree = "<group>"; };
		68E800531A0233E200EB815A /* Images.xcassets */ = {isa = PBXFileReference; lastKnownFileType = folder.assetcatalog; path = Images.xcassets; sourceTree = "<group>"; };
		68E800561A0233E200EB815A /* Base */ = {isa = PBXFileReference; lastKnownFileType = file.xib; name = Base; path = Base.lproj/LaunchScreen.xib; sourceTree = "<group>"; };
		68E8005C1A0233E300EB815A /* Hello WorldTests.xctest */ = {isa = PBXFileReference; explicitFileType = wrapper.cfbundle; includeInIndex = 0; path = "Hello WorldTests.xctest"; sourceTree = BUILT_PRODUCTS_DIR; };
		68E800611A0233E300EB815A /* Info.plist */ = {isa = PBXFileReference; lastKnownFileType = text.plist.xml; path = Info.plist; sourceTree = "<group>"; };
		68E800621A0233E300EB815A /* Hello_WorldTests.swift */ = {isa = PBXFileReference; lastKnownFileType = sourcecode.swift; path = Hello_WorldTests.swift; sourceTree = "<group>"; };
/* End PBXFileReference section */

/* Begin PBXFrameworksBuildPhase section */
		68E800411A0233E200EB815A /* Frameworks */ = {
			isa = PBXFrameworksBuildPhase;
			buildActionMask = 2147483647;
			files = (
			);
			runOnlyForDeploymentPostprocessing = 0;
		};
		68E800591A0233E300EB815A /* Frameworks */ = {
			isa = PBXFrameworksBuildPhase;
			buildActionMask = 2147483647;
			files = (
			);
			runOnlyForDeploymentPostprocessing = 0;
		};
/* End PBXFrameworksBuildPhase section */

/* Begin PBXGroup section */
		68E8003B1A0233E200EB815A = {
			isa = PBXGroup;
			children = (
				68E800461A0233E200EB815A /* Hello World */,
				68E8005F1A0233E300EB815A /* Hello WorldTests */,
				68E800451A0233E200EB815A /* Products */,
			);
			sourceTree = "<group>";
		};
		68E800451A0233E200EB815A /* Products */ = {
			isa = PBXGroup;
			children = (
				68E800441A0233E200EB815A /* Hello World.app */,
				68E8005C1A0233E300EB815A /* Hello WorldTests.xctest */,
			);
			name = Products;
			sourceTree = "<group>";
		};
		68E800461A0233E200EB815A /* Hello World */ = {
			isa = PBXGroup;
			children = (
				68E800491A0233E200EB815A /* AppDelegate.swift */,
				68E8004E1A0233E200EB815A /* ViewController.swift */,
				68E800501A0233E200EB815A /* Main.storyboard */,
				68E800531A0233E200EB815A /* Images.xcassets */,
				68E800551A0233E200EB815A /* LaunchScreen.xib */,
				68E8004B1A0233E200EB815A /* Hello_World.xcdatamodeld */,
				68E800471A0233E200EB815A /* Supporting Files */,
			);
			path = "Hello World";
			sourceTree = "<group>";
		};
		68E800471A0233E200EB815A /* Supporting Files */ = {
			isa = PBXGroup;
			children = (
				68E800481A0233E200EB815A /* Info.plist */,
			);
			name = "Supporting Files";
			sourceTree = "<group>";
		};
		68E8005F1A0233E300EB815A /* Hello WorldTests */ = {
			isa = PBXGroup;
			children = (
				68E800621A0233E300EB815A /* Hello_WorldTests.swift */,
				68E800601A0233E300EB815A /* Supporting Files */,
			);
			path = "Hello WorldTests";
			sourceTree = "<group>";
		};
		68E800601A0233E300EB815A /* Supporting Files */ = {
			isa = PBXGroup;
			children = (
				68E800611A0233E300EB815A /* Info.plist */,
			);
			name = "Supporting Files";
			sourceTree = "<group>";
		};
/* End PBXGroup section */

/* Begin PBXNativeTarget section */
		68E800431A0233E200EB815A /* Hello World */ = {
			isa = PBXNativeTarget;
			buildConfigurationList = 68E800661A0233E300EB815A /* Build configuration list for PBXNativeTarget "Hello World" */;
			buildPhases = (
				68E800401A0233E200EB815A /* Sources */,
				68E800411A0233E200EB815A /* Frameworks */,
				68E800421A0233E200EB815A /* Resources */,
			);
			buildRules = (
			);
			dependencies = (
			);
			name = "Hello World";
			productName = "Hello World";
			productReference = 68E800441A0233E200EB815A /* Hello World.app */;
			productType = "com.apple.product-type.application";
		};
		68E8005B1A0233E300EB815A /* Hello WorldTests */ = {
			isa = PBXNativeTarget;
			buildConfigurationList = 68E800691A0233E300EB815A /* Build configuration list for PBXNativeTarget "Hello WorldTests" */;
			buildPhases = (
				68E800581A0233E300EB815A /* Sources */,
				68E800591A0233E300EB815A /* Frameworks */,
				68E8005A1A0233E300EB815A /* Resources */,
			);
			buildRules = (
			);
			dependencies = (
				68E8005E1A0233E300EB815A /* PBXTargetDependency */,
			);
			name = "Hello WorldTests";
			productName = "Hello WorldTests";
			productReference = 68E8005C1A0233E300EB815A /* Hello WorldTests.xctest */;
			productType = "com.apple.product-type.bundle.unit-test";
		};
/* End PBXNativeTarget section */

/* Begin PBXProject section */
		68E8003C1A0233E200EB815A /* Project object */ = {
			isa = PBXProject;
			attributes = {
				LastUpgradeCheck = 0610;
				ORGANIZATIONNAME = nus;
				TargetAttributes = {
					68E800431A0233E200EB815A = {
						CreatedOnToolsVersion = 6.1;
					};
					68E8005B1A0233E300EB815A = {
						CreatedOnToolsVersion = 6.1;
						TestTargetID = 68E800431A0233E200EB815A;
					};
				};
			};
			buildConfigurationList = 68E8003F1A0233E200EB815A /* Build configuration list for PBXProject "Hello World" */;
			compatibilityVersion = "Xcode 3.2";
			developmentRegion = English;
			hasScannedForEncodings = 0;
			knownRegions = (
				en,
				Base,
			);
			mainGroup = 68E8003B1A0233E200EB815A;
			productRefGroup = 68E800451A0233E200EB815A /* Products */;
			projectDirPath = "";
			projectRoot = "";
			targets = (
				68E800431A0233E200EB815A /* Hello World */,
				68E8005B1A0233E300EB815A /* Hello WorldTests */,
			);
		};
/* End PBXProject section */

/* Begin PBXResourcesBuildPhase section */
		68E800421A0233E200EB815A /* Resources */ = {
			isa = PBXResourcesBuildPhase;
			buildActionMask = 2147483647;
			files = (
				68E800521A0233E200EB815A /* Main.storyboard in Resources */,
				68E800571A0233E200EB815A /* LaunchScreen.xib in Resources */,
				68E800541A0233E200EB815A /* Images.xcassets in Resources */,
			);
			runOnlyForDeploymentPostprocessing = 0;
		};
		68E8005A1A0233E300EB815A /* Resources */ = {
			isa = PBXResourcesBuildPhase;
			buildActionMask = 2147483647;
			files = (
			);
			runOnlyForDeploymentPostprocessing = 0;
		};
/* End PBXResourcesBuildPhase section */

/* Begin PBXSourcesBuildPhase section */
		68E800401A0233E200EB815A /* Sources */ = {
			isa = PBXSourcesBuildPhase;
			buildActionMask = 2147483647;
			files = (
				68E8004F1A0233E200EB815A /* ViewController.swift in Sources */,
				68E8004A1A0233E200EB815A /* AppDelegate.swift in Sources */,
				68E8004D1A0233E200EB815A /* Hello_World.xcdatamodeld in Sources */,
			);
			runOnlyForDeploymentPostprocessing = 0;
		};
		68E800581A0233E300EB815A /* Sources */ = {
			isa = PBXSourcesBuildPhase;
			buildActionMask = 2147483647;
			files = (
				68E800631A0233E300EB815A /* Hello_WorldTests.swift in Sources */,
			);
			runOnlyForDeploymentPostprocessing = 0;
		};
/* End PBXSourcesBuildPhase section */

/* Begin PBXTargetDependency section */
		68E8005E1A0233E300EB815A /* PBXTargetDependency */ = {
			isa = PBXTargetDependency;
			target = 68E800431A0233E200EB815A /* Hello World */;
			targetProxy = 68E8005D1A0233E300EB815A /* PBXContainerItemProxy */;
		};
/* End PBXTargetDependency section */

/* Begin PBXVariantGroup section */
		68E800501A0233E200EB815A /* Main.storyboard */ = {
			isa = PBXVariantGroup;
			children = (
				68E800511A0233E200EB815A /* Base */,
			);
			name = Main.storyboard;
			sourceTree = "<group>";
		};
		68E800551A0233E200EB815A /* LaunchScreen.xib */ = {
			isa = PBXVariantGroup;
			children = (
				68E800561A0233E200EB815A /* Base */,
			);
			name = LaunchScreen.xib;
			sourceTree = "<group>";
		};
/* End PBXVariantGroup section */

/* Begin XCBuildConfiguration section */
		68E800641A0233E300EB815A /* Debug */ = {
			isa = XCBuildConfiguration;
			buildSettings = {
				ALWAYS_SEARCH_USER_PATHS = NO;
				CLANG_CXX_LANGUAGE_STANDARD = "gnu++0x";
				CLANG_CXX_LIBRARY = "libc++";
				CLANG_ENABLE_MODULES = YES;
				CLANG_ENABLE_OBJC_ARC = YES;
				CLANG_WARN_BOOL_CONVERSION = YES;
				CLANG_WARN_CONSTANT_CONVERSION = YES;
				CLANG_WARN_DIRECT_OBJC_ISA_USAGE = YES_ERROR;
				CLANG_WARN_EMPTY_BODY = YES;
				CLANG_WARN_ENUM_CONVERSION = YES;
				CLANG_WARN_INT_CONVERSION = YES;
				CLANG_WARN_OBJC_ROOT_CLASS = YES_ERROR;
				CLANG_WARN_UNREACHABLE_CODE = YES;
				CLANG_WARN__DUPLICATE_METHOD_MATCH = YES;
				"CODE_SIGN_IDENTITY[sdk=iphoneos*]" = "iPhone Developer";
				COPY_PHASE_STRIP = NO;
				ENABLE_STRICT_OBJC_MSGSEND = YES;
				GCC_C_LANGUAGE_STANDARD = gnu99;
				GCC_DYNAMIC_NO_PIC = NO;
				GCC_OPTIMIZATION_LEVEL = 0;
				GCC_PREPROCESSOR_DEFINITIONS = (
					"DEBUG=1",
					"$(inherited)",
				);
				GCC_SYMBOLS_PRIVATE_EXTERN = NO;
				GCC_WARN_64_TO_32_BIT_CONVERSION = YES;
				GCC_WARN_ABOUT_RETURN_TYPE = YES_ERROR;
				GCC_WARN_UNDECLARED_SELECTOR = YES;
				GCC_WARN_UNINITIALIZED_AUTOS = YES_AGGRESSIVE;
				GCC_WARN_UNUSED_FUNCTION = YES;
				GCC_WARN_UNUSED_VARIABLE = YES;
				IPHONEOS_DEPLOYMENT_TARGET = 8.1;
				MTL_ENABLE_DEBUG_INFO = YES;
				ONLY_ACTIVE_ARCH = YES;
				SDKROOT = iphoneos;
				SWIFT_OPTIMIZATION_LEVEL = "-Onone";
			};
			name = Debug;
		};
		68E800651A0233E300EB815A /* Release */ = {
			isa = XCBuildConfiguration;
			buildSettings = {
				ALWAYS_SEARCH_USER_PATHS = NO;
				CLANG_CXX_LANGUAGE_STANDARD = "gnu++0x";
				CLANG_CXX_LIBRARY = "libc++";
				CLANG_ENABLE_MODULES = YES;
				CLANG_ENABLE_OBJC_ARC = YES;
				CLANG_WARN_BOOL_CONVERSION = YES;
				CLANG_WARN_CONSTANT_CONVERSION = YES;
				CLANG_WARN_DIRECT_OBJC_ISA_USAGE = YES_ERROR;
				CLANG_WARN_EMPTY_BODY = YES;
				CLANG_WARN_ENUM_CONVERSION = YES;
				CLANG_WARN_INT_CONVERSION = YES;
				CLANG_WARN_OBJC_ROOT_CLASS = YES_ERROR;
				CLANG_WARN_UNREACHABLE_CODE = YES;
				CLANG_WARN__DUPLICATE_METHOD_MATCH = YES;
				"CODE_SIGN_IDENTITY[sdk=iphoneos*]" = "iPhone Developer";
				COPY_PHASE_STRIP = YES;
				ENABLE_NS_ASSERTIONS = NO;
				ENABLE_STRICT_OBJC_MSGSEND = YES;
				GCC_C_LANGUAGE_STANDARD = gnu99;
				GCC_WARN_64_TO_32_BIT_CONVERSION = YES;
				GCC_WARN_ABOUT_RETURN_TYPE = YES_ERROR;
				GCC_WARN_UNDECLARED_SELECTOR = YES;
				GCC_WARN_UNINITIALIZED_AUTOS = YES_AGGRESSIVE;
				GCC_WARN_UNUSED_FUNCTION = YES;
				GCC_WARN_UNUSED_VARIABLE = YES;
				IPHONEOS_DEPLOYMENT_TARGET = 8.1;
				MTL_ENABLE_DEBUG_INFO = NO;
				SDKROOT = iphoneos;
				VALIDATE_PRODUCT = YES;
			};
			name = Release;
		};
		68E800671A0233E300EB815A /* Debug */ = {
			isa = XCBuildConfiguration;
			buildSettings = {
				ASSETCATALOG_COMPILER_APPICON_NAME = AppIcon;
				INFOPLIST_FILE = "Hello World/Info.plist";
				LD_RUNPATH_SEARCH_PATHS = "$(inherited) @executable_path/Frameworks";
				PRODUCT_NAME = "$(TARGET_NAME)";
			};
			name = Debug;
		};
		68E800681A0233E300EB815A /* Release */ = {
			isa = XCBuildConfiguration;
			buildSettings = {
				ASSETCATALOG_COMPILER_APPICON_NAME = AppIcon;
				INFOPLIST_FILE = "Hello World/Info.plist";
				LD_RUNPATH_SEARCH_PATHS = "$(inherited) @executable_path/Frameworks";
				PRODUCT_NAME = "$(TARGET_NAME)";
			};
			name = Release;
		};
		68E8006A1A0233E300EB815A /* Debug */ = {
			isa = XCBuildConfiguration;
			buildSettings = {
				BUNDLE_LOADER = "$(TEST_HOST)";
				FRAMEWORK_SEARCH_PATHS = (
					"$(SDKROOT)/Developer/Library/Frameworks",
					"$(inherited)",
				);
				GCC_PREPROCESSOR_DEFINITIONS = (
					"DEBUG=1",
					"$(inherited)",
				);
				INFOPLIST_FILE = "Hello WorldTests/Info.plist";
				LD_RUNPATH_SEARCH_PATHS = "$(inherited) @executable_path/Frameworks @loader_path/Frameworks";
				PRODUCT_NAME = "$(TARGET_NAME)";
				TEST_HOST = "$(BUILT_PRODUCTS_DIR)/Hello World.app/Hello World";
			};
			name = Debug;
		};
		68E8006B1A0233E300EB815A /* Release */ = {
			isa = XCBuildConfiguration;
			buildSettings = {
				BUNDLE_LOADER = "$(TEST_HOST)";
				FRAMEWORK_SEARCH_PATHS = (
					"$(SDKROOT)/Developer/Library/Frameworks",
					"$(inherited)",
				);
				INFOPLIST_FILE = "Hello WorldTests/Info.plist";
				LD_RUNPATH_SEARCH_PATHS = "$(inherited) @executable_path/Frameworks @loader_path/Frameworks";
				PRODUCT_NAME = "$(TARGET_NAME)";
				TEST_HOST = "$(BUILT_PRODUCTS_DIR)/Hello World.app/Hello World";
			};
			name = Release;
		};
/* End XCBuildConfiguration section */

/* Begin XCConfigurationList section */
		68E8003F1A0233E200EB815A /* Build configuration list for PBXProject "Hello World" */ = {
			isa = XCConfigurationList;
			buildConfigurations = (
				68E800641A0233E300EB815A /* Debug */,
				68E800651A0233E300EB815A /* Release */,
			);
			defaultConfigurationIsVisible = 0;
			defaultConfigurationName = Release;
		};
		68E800661A0233E300EB815A /* Build configuration list for PBXNativeTarget "Hello World" */ = {
			isa = XCConfigurationList;
			buildConfigurations = (
				68E800671A0233E300EB815A /* Debug */,
				68E800681A0233E300EB815A /* Release */,
			);
			defaultConfigurationIsVisible = 0;
		};
		68E800691A0233E300EB815A /* Build configuration list for PBXNativeTarget "Hello WorldTests" */ = {
			isa = XCConfigurationList;
			buildConfigurations = (
				68E8006A1A0233E300EB815A /* Debug */,
				68E8006B1A0233E300EB815A /* Release */,
			);
			defaultConfigurationIsVisible = 0;
		};
/* End XCConfigurationList section */

/* Begin XCVersionGroup section */
		68E8004B1A0233E200EB815A /* Hello_World.xcdatamodeld */ = {
			isa = XCVersionGroup;
			children = (
				68E8004C1A0233E200EB815A /* Hello_World.xcdatamodel */,
			);
			currentVersion = 68E8004C1A0233E200EB815A /* Hello_World.xcdatamodel */;
			path = Hello_World.xcdatamodeld;
			sourceTree = "<group>";
			versionGroupType = wrapper.xcdatamodel;
		};
/* End XCVersionGroup section */
	};
	rootObject = 68E8003C1A0233E200EB815A /* Project object */;
}
